// !$*UTF8*$!
{
	archiveVersion = 1;
	classes = {
	};
	objectVersion = 54;
	objects = {

/* Begin PBXBuildFile section */
		0C80B921A6F3F58F76C31292 /* libPods-VinstaPartner.a in Frameworks */ = {isa = PBXBuildFile; fileRef = 5DCACB8F33CDC322A6C60F78 /* libPods-VinstaPartner.a */; };
		13B07FBF1A68108700A75B9A /* Images.xcassets in Resources */ = {isa = PBXBuildFile; fileRef = 13B07FB51A68108700A75B9A /* Images.xcassets */; };
		761780ED2CA45674006654EE /* AppDelegate.swift in Sources */ = {isa = PBXBuildFile; fileRef = 761780EC2CA45674006654EE /* AppDelegate.swift */; };
		81AB9BB82411601600AC10FF /* LaunchScreen.storyboard in Resources */ = {isa = PBXBuildFile; fileRef = 81AB9BB72411601600AC10FF /* LaunchScreen.storyboard */; };
		EFC00AD67C544E1D9F3517C3 /* Figtree-Black.ttf in Resources */ = {isa = PBXBuildFile; fileRef = C2CF4864ADC04236B8123109 /* Figtree-Black.ttf */; };
		769DA4B714014C52ADD031BF /* Figtree-BlackItalic.ttf in Resources */ = {isa = PBXBuildFile; fileRef = 97982B0019D9456AB093F245 /* Figtree-BlackItalic.ttf */; };
		B93B69742BB642EE835129E7 /* Figtree-Bold.ttf in Resources */ = {isa = PBXBuildFile; fileRef = 55784C0E7D824F28BCE9073A /* Figtree-Bold.ttf */; };
		51A082CE9CD84E34B5A01F49 /* Figtree-BoldItalic.ttf in Resources */ = {isa = PBXBuildFile; fileRef = 322BD9264A0E4206AA5EC411 /* Figtree-BoldItalic.ttf */; };
		F185A1F102B94111AF45470C /* Figtree-ExtraBold.ttf in Resources */ = {isa = PBXBuildFile; fileRef = 7C828E0CF0EF43AF9AF84826 /* Figtree-ExtraBold.ttf */; };
		6A4FE1CDF1B04DAEB312E89E /* Figtree-ExtraBoldItalic.ttf in Resources */ = {isa = PBXBuildFile; fileRef = F9717CB0DC8148B09D19ECCA /* Figtree-ExtraBoldItalic.ttf */; };
		F4EC30F9CE2D4B95A8EE0730 /* Figtree-Italic-VariableFont_wght.ttf in Resources */ = {isa = PBXBuildFile; fileRef = E86D8F6534FD413C8A6A8172 /* Figtree-Italic-VariableFont_wght.ttf */; };
		39C31466ED0744B3BFBDCC6A /* Figtree-Italic.ttf in Resources */ = {isa = PBXBuildFile; fileRef = 898F4241371246598829D570 /* Figtree-Italic.ttf */; };
		EDE3B64A0F44470ABDD9BBA5 /* Figtree-Light.ttf in Resources */ = {isa = PBXBuildFile; fileRef = 02ED6B630864409A95EC0163 /* Figtree-Light.ttf */; };
		477777C3595B40FCB534DB31 /* Figtree-LightItalic.ttf in Resources */ = {isa = PBXBuildFile; fileRef = 63080363EC4B467E884444AE /* Figtree-LightItalic.ttf */; };
		C40A85871D2A49B99DCBDA6F /* Figtree-Medium.ttf in Resources */ = {isa = PBXBuildFile; fileRef = BE7876806A90452680FD7428 /* Figtree-Medium.ttf */; };
		EFECB0F970D84235A125E205 /* Figtree-MediumItalic.ttf in Resources */ = {isa = PBXBuildFile; fileRef = 3091F6A9F4B1450092097DCB /* Figtree-MediumItalic.ttf */; };
		DCD3EF67C3A74568A278A984 /* Figtree-Regular.ttf in Resources */ = {isa = PBXBuildFile; fileRef = E7E6B8565E8B47DAA8AB5D3B /* Figtree-Regular.ttf */; };
		3BA8DC7187B448329F3D3507 /* Figtree-SemiBold.ttf in Resources */ = {isa = PBXBuildFile; fileRef = 7A2652467C7E483B96B8A9FB /* Figtree-SemiBold.ttf */; };
		2B60162DF4224733B1B74E73 /* Figtree-SemiBoldItalic.ttf in Resources */ = {isa = PBXBuildFile; fileRef = 10EE22DFCA784EE9B77A7071 /* Figtree-SemiBoldItalic.ttf */; };
		3B13836447714C64B65F10DD /* Figtree-VariableFont_wght.ttf in Resources */ = {isa = PBXBuildFile; fileRef = EAC7EE80E07B43EC91A5B066 /* Figtree-VariableFont_wght.ttf */; };
		7AE78449AB7B4F988278F4B5 /* 1st.png in Resources */ = {isa = PBXBuildFile; fileRef = 8D32A8979ED6478DA213B6EF /* 1st.png */; };
		7E40A6D154B04A4C9461B7F6 /* 2nd.png in Resources */ = {isa = PBXBuildFile; fileRef = BE6A7BDD941F48DBABB754EE /* 2nd.png */; };
/* End PBXBuildFile section */

/* Begin PBXFileReference section */
		13B07F961A680F5B00A75B9A /* VinstaPartner.app */ = {isa = PBXFileReference; explicitFileType = wrapper.application; includeInIndex = 0; path = VinstaPartner.app; sourceTree = BUILT_PRODUCTS_DIR; };
		13B07FB51A68108700A75B9A /* Images.xcassets */ = {isa = PBXFileReference; lastKnownFileType = folder.assetcatalog; name = Images.xcassets; path = VinstaPartner/Images.xcassets; sourceTree = "<group>"; };
		13B07FB61A68108700A75B9A /* Info.plist */ = {isa = PBXFileReference; fileEncoding = 4; lastKnownFileType = text.plist.xml; name = Info.plist; path = VinstaPartner/Info.plist; sourceTree = "<group>"; };
		13B07FB81A68108700A75B9A /* PrivacyInfo.xcprivacy */ = {isa = PBXFileReference; fileEncoding = 4; lastKnownFileType = text.plist.xml; name = PrivacyInfo.xcprivacy; path = VinstaPartner/PrivacyInfo.xcprivacy; sourceTree = "<group>"; };
		3B4392A12AC88292D35C810B /* Pods-VinstaPartner.debug.xcconfig */ = {isa = PBXFileReference; includeInIndex = 1; lastKnownFileType = text.xcconfig; name = "Pods-VinstaPartner.debug.xcconfig"; path = "Target Support Files/Pods-VinstaPartner/Pods-VinstaPartner.debug.xcconfig"; sourceTree = "<group>"; };
		5709B34CF0A7D63546082F79 /* Pods-VinstaPartner.release.xcconfig */ = {isa = PBXFileReference; includeInIndex = 1; lastKnownFileType = text.xcconfig; name = "Pods-VinstaPartner.release.xcconfig"; path = "Target Support Files/Pods-VinstaPartner/Pods-VinstaPartner.release.xcconfig"; sourceTree = "<group>"; };
		5DCACB8F33CDC322A6C60F78 /* libPods-VinstaPartner.a */ = {isa = PBXFileReference; explicitFileType = archive.ar; includeInIndex = 0; path = "libPods-VinstaPartner.a"; sourceTree = BUILT_PRODUCTS_DIR; };
		761780EC2CA45674006654EE /* AppDelegate.swift */ = {isa = PBXFileReference; lastKnownFileType = sourcecode.swift; name = AppDelegate.swift; path = VinstaPartner/AppDelegate.swift; sourceTree = "<group>"; };
		81AB9BB72411601600AC10FF /* LaunchScreen.storyboard */ = {isa = PBXFileReference; fileEncoding = 4; lastKnownFileType = file.storyboard; name = LaunchScreen.storyboard; path = VinstaPartner/LaunchScreen.storyboard; sourceTree = "<group>"; };
		ED297162215061F000B7C4FE /* JavaScriptCore.framework */ = {isa = PBXFileReference; lastKnownFileType = wrapper.framework; name = JavaScriptCore.framework; path = System/Library/Frameworks/JavaScriptCore.framework; sourceTree = SDKROOT; };
		C2CF4864ADC04236B8123109 /* Figtree-Black.ttf */ = {isa = PBXFileReference; name = "Figtree-Black.ttf"; path = "../src/assets/fonts/Figtree-Black.ttf"; sourceTree = "<group>"; fileEncoding = undefined; lastKnownFileType = unknown; explicitFileType = undefined; includeInIndex = 0; };
		97982B0019D9456AB093F245 /* Figtree-BlackItalic.ttf */ = {isa = PBXFileReference; name = "Figtree-BlackItalic.ttf"; path = "../src/assets/fonts/Figtree-BlackItalic.ttf"; sourceTree = "<group>"; fileEncoding = undefined; lastKnownFileType = unknown; explicitFileType = undefined; includeInIndex = 0; };
		55784C0E7D824F28BCE9073A /* Figtree-Bold.ttf */ = {isa = PBXFileReference; name = "Figtree-Bold.ttf"; path = "../src/assets/fonts/Figtree-Bold.ttf"; sourceTree = "<group>"; fileEncoding = undefined; lastKnownFileType = unknown; explicitFileType = undefined; includeInIndex = 0; };
		322BD9264A0E4206AA5EC411 /* Figtree-BoldItalic.ttf */ = {isa = PBXFileReference; name = "Figtree-BoldItalic.ttf"; path = "../src/assets/fonts/Figtree-BoldItalic.ttf"; sourceTree = "<group>"; fileEncoding = undefined; lastKnownFileType = unknown; explicitFileType = undefined; includeInIndex = 0; };
		7C828E0CF0EF43AF9AF84826 /* Figtree-ExtraBold.ttf */ = {isa = PBXFileReference; name = "Figtree-ExtraBold.ttf"; path = "../src/assets/fonts/Figtree-ExtraBold.ttf"; sourceTree = "<group>"; fileEncoding = undefined; lastKnownFileType = unknown; explicitFileType = undefined; includeInIndex = 0; };
		F9717CB0DC8148B09D19ECCA /* Figtree-ExtraBoldItalic.ttf */ = {isa = PBXFileReference; name = "Figtree-ExtraBoldItalic.ttf"; path = "../src/assets/fonts/Figtree-ExtraBoldItalic.ttf"; sourceTree = "<group>"; fileEncoding = undefined; lastKnownFileType = unknown; explicitFileType = undefined; includeInIndex = 0; };
		E86D8F6534FD413C8A6A8172 /* Figtree-Italic-VariableFont_wght.ttf */ = {isa = PBXFileReference; name = "Figtree-Italic-VariableFont_wght.ttf"; path = "../src/assets/fonts/Figtree-Italic-VariableFont_wght.ttf"; sourceTree = "<group>"; fileEncoding = undefined; lastKnownFileType = unknown; explicitFileType = undefined; includeInIndex = 0; };
		898F4241371246598829D570 /* Figtree-Italic.ttf */ = {isa = PBXFileReference; name = "Figtree-Italic.ttf"; path = "../src/assets/fonts/Figtree-Italic.ttf"; sourceTree = "<group>"; fileEncoding = undefined; lastKnownFileType = unknown; explicitFileType = undefined; includeInIndex = 0; };
		02ED6B630864409A95EC0163 /* Figtree-Light.ttf */ = {isa = PBXFileReference; name = "Figtree-Light.ttf"; path = "../src/assets/fonts/Figtree-Light.ttf"; sourceTree = "<group>"; fileEncoding = undefined; lastKnownFileType = unknown; explicitFileType = undefined; includeInIndex = 0; };
		63080363EC4B467E884444AE /* Figtree-LightItalic.ttf */ = {isa = PBXFileReference; name = "Figtree-LightItalic.ttf"; path = "../src/assets/fonts/Figtree-LightItalic.ttf"; sourceTree = "<group>"; fileEncoding = undefined; lastKnownFileType = unknown; explicitFileType = undefined; includeInIndex = 0; };
		BE7876806A90452680FD7428 /* Figtree-Medium.ttf */ = {isa = PBXFileReference; name = "Figtree-Medium.ttf"; path = "../src/assets/fonts/Figtree-Medium.ttf"; sourceTree = "<group>"; fileEncoding = undefined; lastKnownFileType = unknown; explicitFileType = undefined; includeInIndex = 0; };
		3091F6A9F4B1450092097DCB /* Figtree-MediumItalic.ttf */ = {isa = PBXFileReference; name = "Figtree-MediumItalic.ttf"; path = "../src/assets/fonts/Figtree-MediumItalic.ttf"; sourceTree = "<group>"; fileEncoding = undefined; lastKnownFileType = unknown; explicitFileType = undefined; includeInIndex = 0; };
		E7E6B8565E8B47DAA8AB5D3B /* Figtree-Regular.ttf */ = {isa = PBXFileReference; name = "Figtree-Regular.ttf"; path = "../src/assets/fonts/Figtree-Regular.ttf"; sourceTree = "<group>"; fileEncoding = undefined; lastKnownFileType = unknown; explicitFileType = undefined; includeInIndex = 0; };
		7A2652467C7E483B96B8A9FB /* Figtree-SemiBold.ttf */ = {isa = PBXFileReference; name = "Figtree-SemiBold.ttf"; path = "../src/assets/fonts/Figtree-SemiBold.ttf"; sourceTree = "<group>"; fileEncoding = undefined; lastKnownFileType = unknown; explicitFileType = undefined; includeInIndex = 0; };
		10EE22DFCA784EE9B77A7071 /* Figtree-SemiBoldItalic.ttf */ = {isa = PBXFileReference; name = "Figtree-SemiBoldItalic.ttf"; path = "../src/assets/fonts/Figtree-SemiBoldItalic.ttf"; sourceTree = "<group>"; fileEncoding = undefined; lastKnownFileType = unknown; explicitFileType = undefined; includeInIndex = 0; };
		EAC7EE80E07B43EC91A5B066 /* Figtree-VariableFont_wght.ttf */ = {isa = PBXFileReference; name = "Figtree-VariableFont_wght.ttf"; path = "../src/assets/fonts/Figtree-VariableFont_wght.ttf"; sourceTree = "<group>"; fileEncoding = undefined; lastKnownFileType = unknown; explicitFileType = undefined; includeInIndex = 0; };
		8D32A8979ED6478DA213B6EF /* 1st.png */ = {isa = PBXFileReference; name = "1st.png"; path = "../src/assets/fonts/1st.png"; sourceTree = "<group>"; fileEncoding = undefined; lastKnownFileType = unknown; explicitFileType = undefined; includeInIndex = 0; };
		BE6A7BDD941F48DBABB754EE /* 2nd.png */ = {isa = PBXFileReference; name = "2nd.png"; path = "../src/assets/fonts/2nd.png"; sourceTree = "<group>"; fileEncoding = undefined; lastKnownFileType = unknown; explicitFileType = undefined; includeInIndex = 0; };
/* End PBXFileReference section */

/* Begin PBXFrameworksBuildPhase section */
		13B07F8C1A680F5B00A75B9A /* Frameworks */ = {
			isa = PBXFrameworksBuildPhase;
			buildActionMask = 2147483647;
			files = (
				0C80B921A6F3F58F76C31292 /* libPods-VinstaPartner.a in Frameworks */,
			);
			runOnlyForDeploymentPostprocessing = 0;
		};
/* End PBXFrameworksBuildPhase section */

/* Begin PBXGroup section */
		13B07FAE1A68108700A75B9A /* VinstaPartner */ = {
			isa = PBXGroup;
			children = (
				13B07FB51A68108700A75B9A /* Images.xcassets */,
				761780EC2CA45674006654EE /* AppDelegate.swift */,
				13B07FB61A68108700A75B9A /* Info.plist */,
				81AB9BB72411601600AC10FF /* LaunchScreen.storyboard */,
				13B07FB81A68108700A75B9A /* PrivacyInfo.xcprivacy */,
			);
			name = VinstaPartner;
			sourceTree = "<group>";
		};
		2D16E6871FA4F8E400B85C8A /* Frameworks */ = {
			isa = PBXGroup;
			children = (
				ED297162215061F000B7C4FE /* JavaScriptCore.framework */,
				5DCACB8F33CDC322A6C60F78 /* libPods-VinstaPartner.a */,
			);
			name = Frameworks;
			sourceTree = "<group>";
		};
		832341AE1AAA6A7D00B99B32 /* Libraries */ = {
			isa = PBXGroup;
			children = (
			);
			name = Libraries;
			sourceTree = "<group>";
		};
		83CBB9F61A601CBA00E9B192 = {
			isa = PBXGroup;
			children = (
				13B07FAE1A68108700A75B9A /* VinstaPartner */,
				832341AE1AAA6A7D00B99B32 /* Libraries */,
				83CBBA001A601CBA00E9B192 /* Products */,
				2D16E6871FA4F8E400B85C8A /* Frameworks */,
				BBD78D7AC51CEA395F1C20DB /* Pods */,
				3D9A4F309CDF48849973D89E /* Resources */,
			);
			indentWidth = 2;
			sourceTree = "<group>";
			tabWidth = 2;
			usesTabs = 0;
		};
		83CBBA001A601CBA00E9B192 /* Products */ = {
			isa = PBXGroup;
			children = (
				13B07F961A680F5B00A75B9A /* VinstaPartner.app */,
			);
			name = Products;
			sourceTree = "<group>";
		};
		BBD78D7AC51CEA395F1C20DB /* Pods */ = {
			isa = PBXGroup;
			children = (
				3B4392A12AC88292D35C810B /* Pods-VinstaPartner.debug.xcconfig */,
				5709B34CF0A7D63546082F79 /* Pods-VinstaPartner.release.xcconfig */,
			);
			path = Pods;
			sourceTree = "<group>";
		};
		3D9A4F309CDF48849973D89E /* Resources */ = {
			isa = "PBXGroup";
			children = (
				C2CF4864ADC04236B8123109 /* Figtree-Black.ttf */,
				97982B0019D9456AB093F245 /* Figtree-BlackItalic.ttf */,
				55784C0E7D824F28BCE9073A /* Figtree-Bold.ttf */,
				322BD9264A0E4206AA5EC411 /* Figtree-BoldItalic.ttf */,
				7C828E0CF0EF43AF9AF84826 /* Figtree-ExtraBold.ttf */,
				F9717CB0DC8148B09D19ECCA /* Figtree-ExtraBoldItalic.ttf */,
				E86D8F6534FD413C8A6A8172 /* Figtree-Italic-VariableFont_wght.ttf */,
				898F4241371246598829D570 /* Figtree-Italic.ttf */,
				02ED6B630864409A95EC0163 /* Figtree-Light.ttf */,
				63080363EC4B467E884444AE /* Figtree-LightItalic.ttf */,
				BE7876806A90452680FD7428 /* Figtree-Medium.ttf */,
				3091F6A9F4B1450092097DCB /* Figtree-MediumItalic.ttf */,
				E7E6B8565E8B47DAA8AB5D3B /* Figtree-Regular.ttf */,
				7A2652467C7E483B96B8A9FB /* Figtree-SemiBold.ttf */,
				10EE22DFCA784EE9B77A7071 /* Figtree-SemiBoldItalic.ttf */,
				EAC7EE80E07B43EC91A5B066 /* Figtree-VariableFont_wght.ttf */,
				8D32A8979ED6478DA213B6EF /* 1st.png */,
				BE6A7BDD941F48DBABB754EE /* 2nd.png */,
			);
			name = Resources;
			sourceTree = "<group>";
			path = "";
		};
/* End PBXGroup section */

/* Begin PBXNativeTarget section */
		13B07F861A680F5B00A75B9A /* VinstaPartner */ = {
			isa = PBXNativeTarget;
			buildConfigurationList = 13B07F931A680F5B00A75B9A /* Build configuration list for PBXNativeTarget "VinstaPartner" */;
			buildPhases = (
				C38B50BA6285516D6DCD4F65 /* [CP] Check Pods Manifest.lock */,
				13B07F871A680F5B00A75B9A /* Sources */,
				13B07F8C1A680F5B00A75B9A /* Frameworks */,
				13B07F8E1A680F5B00A75B9A /* Resources */,
				00DD1BFF1BD5951E006B06BC /* Bundle React Native code and images */,
				00EEFC60759A1932668264C0 /* [CP] Embed Pods Frameworks */,
				E235C05ADACE081382539298 /* [CP] Copy Pods Resources */,
			);
			buildRules = (
			);
			dependencies = (
			);
			name = VinstaPartner;
			productName = VinstaPartner;
			productReference = 13B07F961A680F5B00A75B9A /* VinstaPartner.app */;
			productType = "com.apple.product-type.application";
		};
/* End PBXNativeTarget section */

/* Begin PBXProject section */
		83CBB9F71A601CBA00E9B192 /* Project object */ = {
			isa = PBXProject;
			attributes = {
				LastUpgradeCheck = 1210;
				TargetAttributes = {
					13B07F861A680F5B00A75B9A = {
						LastSwiftMigration = 1120;
					};
				};
			};
			buildConfigurationList = 83CBB9FA1A601CBA00E9B192 /* Build configuration list for PBXProject "VinstaPartner" */;
			compatibilityVersion = "Xcode 12.0";
			developmentRegion = en;
			hasScannedForEncodings = 0;
			knownRegions = (
				en,
				Base,
			);
			mainGroup = 83CBB9F61A601CBA00E9B192;
			productRefGroup = 83CBBA001A601CBA00E9B192 /* Products */;
			projectDirPath = "";
			projectRoot = "";
			targets = (
				13B07F861A680F5B00A75B9A /* VinstaPartner */,
			);
		};
/* End PBXProject section */

/* Begin PBXResourcesBuildPhase section */
		13B07F8E1A680F5B00A75B9A /* Resources */ = {
			isa = PBXResourcesBuildPhase;
			buildActionMask = 2147483647;
			files = (
				81AB9BB82411601600AC10FF /* LaunchScreen.storyboard in Resources */,
				13B07FBF1A68108700A75B9A /* Images.xcassets in Resources */,
				EFC00AD67C544E1D9F3517C3 /* Figtree-Black.ttf in Resources */,
				769DA4B714014C52ADD031BF /* Figtree-BlackItalic.ttf in Resources */,
				B93B69742BB642EE835129E7 /* Figtree-Bold.ttf in Resources */,
				51A082CE9CD84E34B5A01F49 /* Figtree-BoldItalic.ttf in Resources */,
				F185A1F102B94111AF45470C /* Figtree-ExtraBold.ttf in Resources */,
				6A4FE1CDF1B04DAEB312E89E /* Figtree-ExtraBoldItalic.ttf in Resources */,
				F4EC30F9CE2D4B95A8EE0730 /* Figtree-Italic-VariableFont_wght.ttf in Resources */,
				39C31466ED0744B3BFBDCC6A /* Figtree-Italic.ttf in Resources */,
				EDE3B64A0F44470ABDD9BBA5 /* Figtree-Light.ttf in Resources */,
				477777C3595B40FCB534DB31 /* Figtree-LightItalic.ttf in Resources */,
				C40A85871D2A49B99DCBDA6F /* Figtree-Medium.ttf in Resources */,
				EFECB0F970D84235A125E205 /* Figtree-MediumItalic.ttf in Resources */,
				DCD3EF67C3A74568A278A984 /* Figtree-Regular.ttf in Resources */,
				3BA8DC7187B448329F3D3507 /* Figtree-SemiBold.ttf in Resources */,
				2B60162DF4224733B1B74E73 /* Figtree-SemiBoldItalic.ttf in Resources */,
				3B13836447714C64B65F10DD /* Figtree-VariableFont_wght.ttf in Resources */,
				7AE78449AB7B4F988278F4B5 /* 1st.png in Resources */,
				7E40A6D154B04A4C9461B7F6 /* 2nd.png in Resources */,
			);
			runOnlyForDeploymentPostprocessing = 0;
		};
/* End PBXResourcesBuildPhase section */

/* Begin PBXShellScriptBuildPhase section */
		00DD1BFF1BD5951E006B06BC /* Bundle React Native code and images */ = {
			isa = PBXShellScriptBuildPhase;
			buildActionMask = 2147483647;
			files = (
			);
			inputPaths = (
				"$(SRCROOT)/.xcode.env.local",
				"$(SRCROOT)/.xcode.env",
			);
			name = "Bundle React Native code and images";
			outputPaths = (
			);
			runOnlyForDeploymentPostprocessing = 0;
			shellPath = /bin/sh;
			shellScript = "set -e\n\nWITH_ENVIRONMENT=\"$REACT_NATIVE_PATH/scripts/xcode/with-environment.sh\"\nREACT_NATIVE_XCODE=\"$REACT_NATIVE_PATH/scripts/react-native-xcode.sh\"\n\n/bin/sh -c \"$WITH_ENVIRONMENT $REACT_NATIVE_XCODE\"\n";
		};
		00EEFC60759A1932668264C0 /* [CP] Embed Pods Frameworks */ = {
			isa = PBXShellScriptBuildPhase;
			buildActionMask = 2147483647;
			files = (
			);
			inputFileListPaths = (
				"${PODS_ROOT}/Target Support Files/Pods-VinstaPartner/Pods-VinstaPartner-frameworks-${CONFIGURATION}-input-files.xcfilelist",
			);
			name = "[CP] Embed Pods Frameworks";
			outputFileListPaths = (
				"${PODS_ROOT}/Target Support Files/Pods-VinstaPartner/Pods-VinstaPartner-frameworks-${CONFIGURATION}-output-files.xcfilelist",
			);
			runOnlyForDeploymentPostprocessing = 0;
			shellPath = /bin/sh;
			shellScript = "\"${PODS_ROOT}/Target Support Files/Pods-VinstaPartner/Pods-VinstaPartner-frameworks.sh\"\n";
			showEnvVarsInLog = 0;
		};
		C38B50BA6285516D6DCD4F65 /* [CP] Check Pods Manifest.lock */ = {
			isa = PBXShellScriptBuildPhase;
			buildActionMask = 2147483647;
			files = (
			);
			inputFileListPaths = (
			);
			inputPaths = (
				"${PODS_PODFILE_DIR_PATH}/Podfile.lock",
				"${PODS_ROOT}/Manifest.lock",
			);
			name = "[CP] Check Pods Manifest.lock";
			outputFileListPaths = (
			);
			outputPaths = (
				"$(DERIVED_FILE_DIR)/Pods-VinstaPartner-checkManifestLockResult.txt",
			);
			runOnlyForDeploymentPostprocessing = 0;
			shellPath = /bin/sh;
			shellScript = "diff \"${PODS_PODFILE_DIR_PATH}/Podfile.lock\" \"${PODS_ROOT}/Manifest.lock\" > /dev/null\nif [ $? != 0 ] ; then\n    # print error to STDERR\n    echo \"error: The sandbox is not in sync with the Podfile.lock. Run 'pod install' or update your CocoaPods installation.\" >&2\n    exit 1\nfi\n# This output is used by Xcode 'outputs' to avoid re-running this script phase.\necho \"SUCCESS\" > \"${SCRIPT_OUTPUT_FILE_0}\"\n";
			showEnvVarsInLog = 0;
		};
		E235C05ADACE081382539298 /* [CP] Copy Pods Resources */ = {
			isa = PBXShellScriptBuildPhase;
			buildActionMask = 2147483647;
			files = (
			);
			inputFileListPaths = (
				"${PODS_ROOT}/Target Support Files/Pods-VinstaPartner/Pods-VinstaPartner-resources-${CONFIGURATION}-input-files.xcfilelist",
			);
			name = "[CP] Copy Pods Resources";
			outputFileListPaths = (
				"${PODS_ROOT}/Target Support Files/Pods-VinstaPartner/Pods-VinstaPartner-resources-${CONFIGURATION}-output-files.xcfilelist",
			);
			runOnlyForDeploymentPostprocessing = 0;
			shellPath = /bin/sh;
			shellScript = "\"${PODS_ROOT}/Target Support Files/Pods-VinstaPartner/Pods-VinstaPartner-resources.sh\"\n";
			showEnvVarsInLog = 0;
		};
/* End PBXShellScriptBuildPhase section */

/* Begin PBXSourcesBuildPhase section */
		13B07F871A680F5B00A75B9A /* Sources */ = {
			isa = PBXSourcesBuildPhase;
			buildActionMask = 2147483647;
			files = (
				761780ED2CA45674006654EE /* AppDelegate.swift in Sources */,
			);
			runOnlyForDeploymentPostprocessing = 0;
		};
/* End PBXSourcesBuildPhase section */

/* Begin XCBuildConfiguration section */
		13B07F941A680F5B00A75B9A /* Debug */ = {
			isa = XCBuildConfiguration;
			baseConfigurationReference = 3B4392A12AC88292D35C810B /* Pods-VinstaPartner.debug.xcconfig */;
			buildSettings = {
				ASSETCATALOG_COMPILER_APPICON_NAME = AppIcon;
				CLANG_ENABLE_MODULES = YES;
				CURRENT_PROJECT_VERSION = 1;
				ENABLE_BITCODE = NO;
				INFOPLIST_FILE = VinstaPartner/Info.plist;
				IPHONEOS_DEPLOYMENT_TARGET = 15.1;
				LD_RUNPATH_SEARCH_PATHS = (
					"$(inherited)",
					"@executable_path/Frameworks",
				);
				MARKETING_VERSION = 1.0;
				OTHER_LDFLAGS = (
					"$(inherited)",
					"-ObjC",
					"-lc++",
				);
				PRODUCT_BUNDLE_IDENTIFIER = "org.reactjs.native.example.$(PRODUCT_NAME:rfc1034identifier)";
				PRODUCT_NAME = VinstaPartner;
				SWIFT_OPTIMIZATION_LEVEL = "-Onone";
				SWIFT_VERSION = 5.0;
				VERSIONING_SYSTEM = "apple-generic";
			};
			name = Debug;
		};
		13B07F951A680F5B00A75B9A /* Release */ = {
			isa = XCBuildConfiguration;
			baseConfigurationReference = 5709B34CF0A7D63546082F79 /* Pods-VinstaPartner.release.xcconfig */;
			buildSettings = {
				ASSETCATALOG_COMPILER_APPICON_NAME = AppIcon;
				CLANG_ENABLE_MODULES = YES;
				CURRENT_PROJECT_VERSION = 1;
				INFOPLIST_FILE = VinstaPartner/Info.plist;
				IPHONEOS_DEPLOYMENT_TARGET = 15.1;
				LD_RUNPATH_SEARCH_PATHS = (
					"$(inherited)",
					"@executable_path/Frameworks",
				);
				MARKETING_VERSION = 1.0;
				OTHER_LDFLAGS = (
					"$(inherited)",
					"-ObjC",
					"-lc++",
				);
				PRODUCT_BUNDLE_IDENTIFIER = "org.reactjs.native.example.$(PRODUCT_NAME:rfc1034identifier)";
				PRODUCT_NAME = VinstaPartner;
				SWIFT_VERSION = 5.0;
				VERSIONING_SYSTEM = "apple-generic";
			};
			name = Release;
		};
		83CBBA201A601CBA00E9B192 /* Debug */ = {
			isa = XCBuildConfiguration;
			buildSettings = {
				ALWAYS_SEARCH_USER_PATHS = NO;
				CLANG_ANALYZER_LOCALIZABILITY_NONLOCALIZED = YES;
				CLANG_CXX_LANGUAGE_STANDARD = "c++20";
				CLANG_CXX_LIBRARY = "libc++";
				CLANG_ENABLE_MODULES = YES;
				CLANG_ENABLE_OBJC_ARC = YES;
				CLANG_WARN_BLOCK_CAPTURE_AUTORELEASING = YES;
				CLANG_WARN_BOOL_CONVERSION = YES;
				CLANG_WARN_COMMA = YES;
				CLANG_WARN_CONSTANT_CONVERSION = YES;
				CLANG_WARN_DEPRECATED_OBJC_IMPLEMENTATIONS = YES;
				CLANG_WARN_DIRECT_OBJC_ISA_USAGE = YES_ERROR;
				CLANG_WARN_EMPTY_BODY = YES;
				CLANG_WARN_ENUM_CONVERSION = YES;
				CLANG_WARN_INFINITE_RECURSION = YES;
				CLANG_WARN_INT_CONVERSION = YES;
				CLANG_WARN_NON_LITERAL_NULL_CONVERSION = YES;
				CLANG_WARN_OBJC_IMPLICIT_RETAIN_SELF = YES;
				CLANG_WARN_OBJC_LITERAL_CONVERSION = YES;
				CLANG_WARN_OBJC_ROOT_CLASS = YES_ERROR;
				CLANG_WARN_QUOTED_INCLUDE_IN_FRAMEWORK_HEADER = YES;
				CLANG_WARN_RANGE_LOOP_ANALYSIS = YES;
				CLANG_WARN_STRICT_PROTOTYPES = YES;
				CLANG_WARN_SUSPICIOUS_MOVE = YES;
				CLANG_WARN_UNREACHABLE_CODE = YES;
				CLANG_WARN__DUPLICATE_METHOD_MATCH = YES;
				"CODE_SIGN_IDENTITY[sdk=iphoneos*]" = "iPhone Developer";
				COPY_PHASE_STRIP = NO;
				ENABLE_STRICT_OBJC_MSGSEND = YES;
				ENABLE_TESTABILITY = YES;
				"EXCLUDED_ARCHS[sdk=iphonesimulator*]" = "";
				GCC_C_LANGUAGE_STANDARD = gnu99;
				GCC_DYNAMIC_NO_PIC = NO;
				GCC_NO_COMMON_BLOCKS = YES;
				GCC_OPTIMIZATION_LEVEL = 0;
				GCC_PREPROCESSOR_DEFINITIONS = (
					"DEBUG=1",
					"$(inherited)",
				);
				GCC_SYMBOLS_PRIVATE_EXTERN = NO;
				GCC_WARN_64_TO_32_BIT_CONVERSION = YES;
				GCC_WARN_ABOUT_RETURN_TYPE = YES_ERROR;
				GCC_WARN_UNDECLARED_SELECTOR = YES;
				GCC_WARN_UNINITIALIZED_AUTOS = YES_AGGRESSIVE;
				GCC_WARN_UNUSED_FUNCTION = YES;
				GCC_WARN_UNUSED_VARIABLE = YES;
				IPHONEOS_DEPLOYMENT_TARGET = 15.1;
				LD_RUNPATH_SEARCH_PATHS = (
					/usr/lib/swift,
					"$(inherited)",
				);
				LIBRARY_SEARCH_PATHS = (
					"\"$(SDKROOT)/usr/lib/swift\"",
					"\"$(TOOLCHAIN_DIR)/usr/lib/swift/$(PLATFORM_NAME)\"",
					"\"$(inherited)\"",
				);
				MTL_ENABLE_DEBUG_INFO = YES;
				ONLY_ACTIVE_ARCH = YES;
				OTHER_CPLUSPLUSFLAGS = (
					"$(OTHER_CFLAGS)",
					"-DFOLLY_NO_CONFIG",
					"-DFOLLY_MOBILE=1",
					"-DFOLLY_USE_LIBCPP=1",
					"-DFOLLY_CFG_NO_COROUTINES=1",
					"-DFOLLY_HAVE_CLOCK_GETTIME=1",
				);
				SDKROOT = iphoneos;
			};
			name = Debug;
		};
		83CBBA211A601CBA00E9B192 /* Release */ = {
			isa = XCBuildConfiguration;
			buildSettings = {
				ALWAYS_SEARCH_USER_PATHS = NO;
				CLANG_ANALYZER_LOCALIZABILITY_NONLOCALIZED = YES;
				CLANG_CXX_LANGUAGE_STANDARD = "c++20";
				CLANG_CXX_LIBRARY = "libc++";
				CLANG_ENABLE_MODULES = YES;
				CLANG_ENABLE_OBJC_ARC = YES;
				CLANG_WARN_BLOCK_CAPTURE_AUTORELEASING = YES;
				CLANG_WARN_BOOL_CONVERSION = YES;
				CLANG_WARN_COMMA = YES;
				CLANG_WARN_CONSTANT_CONVERSION = YES;
				CLANG_WARN_DEPRECATED_OBJC_IMPLEMENTATIONS = YES;
				CLANG_WARN_DIRECT_OBJC_ISA_USAGE = YES_ERROR;
				CLANG_WARN_EMPTY_BODY = YES;
				CLANG_WARN_ENUM_CONVERSION = YES;
				CLANG_WARN_INFINITE_RECURSION = YES;
				CLANG_WARN_INT_CONVERSION = YES;
				CLANG_WARN_NON_LITERAL_NULL_CONVERSION = YES;
				CLANG_WARN_OBJC_IMPLICIT_RETAIN_SELF = YES;
				CLANG_WARN_OBJC_LITERAL_CONVERSION = YES;
				CLANG_WARN_OBJC_ROOT_CLASS = YES_ERROR;
				CLANG_WARN_QUOTED_INCLUDE_IN_FRAMEWORK_HEADER = YES;
				CLANG_WARN_RANGE_LOOP_ANALYSIS = YES;
				CLANG_WARN_STRICT_PROTOTYPES = YES;
				CLANG_WARN_SUSPICIOUS_MOVE = YES;
				CLANG_WARN_UNREACHABLE_CODE = YES;
				CLANG_WARN__DUPLICATE_METHOD_MATCH = YES;
				"CODE_SIGN_IDENTITY[sdk=iphoneos*]" = "iPhone Developer";
				COPY_PHASE_STRIP = YES;
				ENABLE_NS_ASSERTIONS = NO;
				ENABLE_STRICT_OBJC_MSGSEND = YES;
				"EXCLUDED_ARCHS[sdk=iphonesimulator*]" = "";
				GCC_C_LANGUAGE_STANDARD = gnu99;
				GCC_NO_COMMON_BLOCKS = YES;
				GCC_WARN_64_TO_32_BIT_CONVERSION = YES;
				GCC_WARN_ABOUT_RETURN_TYPE = YES_ERROR;
				GCC_WARN_UNDECLARED_SELECTOR = YES;
				GCC_WARN_UNINITIALIZED_AUTOS = YES_AGGRESSIVE;
				GCC_WARN_UNUSED_FUNCTION = YES;
				GCC_WARN_UNUSED_VARIABLE = YES;
				IPHONEOS_DEPLOYMENT_TARGET = 15.1;
				LD_RUNPATH_SEARCH_PATHS = (
					/usr/lib/swift,
					"$(inherited)",
				);
				LIBRARY_SEARCH_PATHS = (
					"\"$(SDKROOT)/usr/lib/swift\"",
					"\"$(TOOLCHAIN_DIR)/usr/lib/swift/$(PLATFORM_NAME)\"",
					"\"$(inherited)\"",
				);
				MTL_ENABLE_DEBUG_INFO = NO;
				OTHER_CPLUSPLUSFLAGS = (
					"$(OTHER_CFLAGS)",
					"-DFOLLY_NO_CONFIG",
					"-DFOLLY_MOBILE=1",
					"-DFOLLY_USE_LIBCPP=1",
					"-DFOLLY_CFG_NO_COROUTINES=1",
					"-DFOLLY_HAVE_CLOCK_GETTIME=1",
				);
				SDKROOT = iphoneos;
				VALIDATE_PRODUCT = YES;
			};
			name = Release;
		};
/* End XCBuildConfiguration section */

/* Begin XCConfigurationList section */
		13B07F931A680F5B00A75B9A /* Build configuration list for PBXNativeTarget "VinstaPartner" */ = {
			isa = XCConfigurationList;
			buildConfigurations = (
				13B07F941A680F5B00A75B9A /* Debug */,
				13B07F951A680F5B00A75B9A /* Release */,
			);
			defaultConfigurationIsVisible = 0;
			defaultConfigurationName = Release;
		};
		83CBB9FA1A601CBA00E9B192 /* Build configuration list for PBXProject "VinstaPartner" */ = {
			isa = XCConfigurationList;
			buildConfigurations = (
				83CBBA201A601CBA00E9B192 /* Debug */,
				83CBBA211A601CBA00E9B192 /* Release */,
			);
			defaultConfigurationIsVisible = 0;
			defaultConfigurationName = Release;
		};
/* End XCConfigurationList section */
	};
	rootObject = 83CBB9F71A601CBA00E9B192 /* Project object */;
}
